
Microsoft Visual Studio Solution File, Format Version 12.00
# Visual Studio Version 16
VisualStudioVersion = 16.0.29519.181
MinimumVisualStudioVersion = 10.0.40219.1
Project("{2150E333-8FDC-42A3-9474-1A3956D46DE8}") = "src", "src", "{19B5AB95-A485-4DD6-91DA-77B18D36B1D7}"
EndProject
Project("{2150E333-8FDC-42A3-9474-1A3956D46DE8}") = "Services", "Services", "{DA4FBDC3-3AA7-4C8E-8A43-CAD811A9956B}"
EndProject
Project("{2150E333-8FDC-42A3-9474-1A3956D46DE8}") = "Ictinos", "Ictinos", "{5240B9D9-B14E-49CE-9F01-65059F95EBDE}"
EndProject
Project("{FAE04EC0-301F-11D3-BF4B-00C04F79EFBC}") = "Ictinos.API", "src\Services\Ictinos\Ictinos.API\Ictinos.API.csproj", "{E55AC960-103E-4E6F-849C-6B0EF4A0A8DE}"
EndProject
Project("{2150E333-8FDC-42A3-9474-1A3956D46DE8}") = "tests", "tests", "{3F078DC6-4480-4B5D-B3CD-6B54437BB260}"
EndProject
Project("{FAE04EC0-301F-11D3-BF4B-00C04F79EFBC}") = "Ictinos.Tests", "src\Services\Ictinos\tests\Ictinos.Tests\Ictinos.Tests.csproj", "{C4B220E2-EA8E-46AB-81A5-895AD86AF45D}"
EndProject
Project("{2150E333-8FDC-42A3-9474-1A3956D46DE8}") = "BuildingBlocks", "BuildingBlocks", "{4AE7C377-1584-4AB9-9037-5BC5914E6474}"
EndProject
Project("{2150E333-8FDC-42A3-9474-1A3956D46DE8}") = "DAL", "DAL", "{343A8540-FA8A-4ABF-B89A-F60B578D530E}"
EndProject
Project("{2150E333-8FDC-42A3-9474-1A3956D46DE8}") = "ThirdParty", "ThirdParty", "{8896720B-AEE9-4DEF-BC0F-181A02049304}"
EndProject
Project("{FAE04EC0-301F-11D3-BF4B-00C04F79EFBC}") = "IctinosEF", "src\BuildingBlocks\DAL\IctinosEF\IctinosEF.csproj", "{09EE9320-6372-4368-B3BC-E1164BBBE096}"
EndProject
Global
	GlobalSection(SolutionConfigurationPlatforms) = preSolution
		Debug|Any CPU = Debug|Any CPU
		Release|Any CPU = Release|Any CPU
	EndGlobalSection
	GlobalSection(ProjectConfigurationPlatforms) = postSolution
		{E55AC960-103E-4E6F-849C-6B0EF4A0A8DE}.Debug|Any CPU.ActiveCfg = Debug|Any CPU
		{E55AC960-103E-4E6F-849C-6B0EF4A0A8DE}.Debug|Any CPU.Build.0 = Debug|Any CPU
		{E55AC960-103E-4E6F-849C-6B0EF4A0A8DE}.Release|Any CPU.ActiveCfg = Release|Any CPU
		{E55AC960-103E-4E6F-849C-6B0EF4A0A8DE}.Release|Any CPU.Build.0 = Release|Any CPU
		{C4B220E2-EA8E-46AB-81A5-895AD86AF45D}.Debug|Any CPU.ActiveCfg = Debug|Any CPU
		{C4B220E2-EA8E-46AB-81A5-895AD86AF45D}.Debug|Any CPU.Build.0 = Debug|Any CPU
		{C4B220E2-EA8E-46AB-81A5-895AD86AF45D}.Release|Any CPU.ActiveCfg = Release|Any CPU
		{C4B220E2-EA8E-46AB-81A5-895AD86AF45D}.Release|Any CPU.Build.0 = Release|Any CPU
		{09EE9320-6372-4368-B3BC-E1164BBBE096}.Debug|Any CPU.ActiveCfg = Debug|Any CPU
		{09EE9320-6372-4368-B3BC-E1164BBBE096}.Debug|Any CPU.Build.0 = Debug|Any CPU
		{09EE9320-6372-4368-B3BC-E1164BBBE096}.Release|Any CPU.ActiveCfg = Release|Any CPU
		{09EE9320-6372-4368-B3BC-E1164BBBE096}.Release|Any CPU.Build.0 = Release|Any CPU
	EndGlobalSection
	GlobalSection(SolutionProperties) = preSolution
		HideSolutionNode = FALSE
	EndGlobalSection
	GlobalSection(NestedProjects) = preSolution
		{DA4FBDC3-3AA7-4C8E-8A43-CAD811A9956B} = {19B5AB95-A485-4DD6-91DA-77B18D36B1D7}
		{5240B9D9-B14E-49CE-9F01-65059F95EBDE} = {DA4FBDC3-3AA7-4C8E-8A43-CAD811A9956B}
		{E55AC960-103E-4E6F-849C-6B0EF4A0A8DE} = {5240B9D9-B14E-49CE-9F01-65059F95EBDE}
		{3F078DC6-4480-4B5D-B3CD-6B54437BB260} = {5240B9D9-B14E-49CE-9F01-65059F95EBDE}
		{C4B220E2-EA8E-46AB-81A5-895AD86AF45D} = {3F078DC6-4480-4B5D-B3CD-6B54437BB260}
		{4AE7C377-1584-4AB9-9037-5BC5914E6474} = {19B5AB95-A485-4DD6-91DA-77B18D36B1D7}
		{343A8540-FA8A-4ABF-B89A-F60B578D530E} = {4AE7C377-1584-4AB9-9037-5BC5914E6474}
		{8896720B-AEE9-4DEF-BC0F-181A02049304} = {4AE7C377-1584-4AB9-9037-5BC5914E6474}
		{09EE9320-6372-4368-B3BC-E1164BBBE096} = {343A8540-FA8A-4ABF-B89A-F60B578D530E}
	EndGlobalSection
	GlobalSection(ExtensibilityGlobals) = postSolution
		SolutionGuid = {35CA26FF-3B22-4897-A436-8FE6AA3EF173}
	EndGlobalSection
EndGlobal
